
Microsoft Visual Studio Solution File, Format Version 12.00
# Visual Studio 2013
VisualStudioVersion = 12.0.31101.0
MinimumVisualStudioVersion = 10.0.40219.1
Project("{FAE04EC0-301F-11D3-BF4B-00C04F79EFBC}") = "UiuCanteen.Domain", "UiuCanteen.Domain\UiuCanteen.Domain.csproj", "{FAE44C42-33D3-435C-8101-3B5661A694F9}"
EndProject
Project("{FAE04EC0-301F-11D3-BF4B-00C04F79EFBC}") = "UiuCanteen.WebUi", "UiuCanteen.WebUi\UiuCanteen.WebUi.csproj", "{72C7C994-7181-42D7-8692-977AE6F90E36}"
EndProject
Global
	GlobalSection(SolutionConfigurationPlatforms) = preSolution
		Debug|Any CPU = Debug|Any CPU
		Release|Any CPU = Release|Any CPU
	EndGlobalSection
	GlobalSection(ProjectConfigurationPlatforms) = postSolution
		{FAE44C42-33D3-435C-8101-3B5661A694F9}.Debug|Any CPU.ActiveCfg = Debug|Any CPU
		{FAE44C42-33D3-435C-8101-3B5661A694F9}.Debug|Any CPU.Build.0 = Debug|Any CPU
		{FAE44C42-33D3-435C-8101-3B5661A694F9}.Release|Any CPU.ActiveCfg = Release|Any CPU
		{FAE44C42-33D3-435C-8101-3B5661A694F9}.Release|Any CPU.Build.0 = Release|Any CPU
		{72C7C994-7181-42D7-8692-977AE6F90E36}.Debug|Any CPU.ActiveCfg = Debug|Any CPU
		{72C7C994-7181-42D7-8692-977AE6F90E36}.Debug|Any CPU.Build.0 = Debug|Any CPU
		{72C7C994-7181-42D7-8692-977AE6F90E36}.Release|Any CPU.ActiveCfg = Release|Any CPU
		{72C7C994-7181-42D7-8692-977AE6F90E36}.Release|Any CPU.Build.0 = Release|Any CPU
	EndGlobalSection
	GlobalSection(SolutionProperties) = preSolution
		HideSolutionNode = FALSE
	EndGlobalSection
EndGlobal
